
Microsoft Visual Studio Solution File, Format Version 12.00
# Visual Studio Version 17
VisualStudioVersion = 17.0.31903.59
MinimumVisualStudioVersion = 10.0.40219.1
Project("{FAE04EC0-301F-11D3-BF4B-00C04F79EFBC}") = "Ejercicio 1 semana - 5", "Ejercicio 1 semana - 5\Ejercicio 1 semana - 5.csproj", "{7FAA5E83-D655-41FE-B424-38196DECAE84}"
EndProject
Project("{FAE04EC0-301F-11D3-BF4B-00C04F79EFBC}") = "Ejercicio 2", "Ejercicio 2\Ejercicio 2.csproj", "{38C9A0DB-BE36-4F2D-95D7-CB5000E216CF}"
EndProject
Project("{FAE04EC0-301F-11D3-BF4B-00C04F79EFBC}") = "Ejercicio 3", "Ejercicio 3\Ejercicio 3.csproj", "{CBF27F08-4D1B-4949-91CF-ED462D5669D2}"
EndProject
Project("{FAE04EC0-301F-11D3-BF4B-00C04F79EFBC}") = "Ejercicio 4", "Ejercicio 4\Ejercicio 4.csproj", "{BA72D1B0-665C-4A50-84A8-EB7E0BA5F9CF}"
EndProject
Global
	GlobalSection(SolutionConfigurationPlatforms) = preSolution
		Debug|Any CPU = Debug|Any CPU
		Release|Any CPU = Release|Any CPU
	EndGlobalSection
	GlobalSection(SolutionProperties) = preSolution
		HideSolutionNode = FALSE
	EndGlobalSection
	GlobalSection(ProjectConfigurationPlatforms) = postSolution
		{7FAA5E83-D655-41FE-B424-38196DECAE84}.Debug|Any CPU.ActiveCfg = Debug|Any CPU
		{7FAA5E83-D655-41FE-B424-38196DECAE84}.Debug|Any CPU.Build.0 = Debug|Any CPU
		{7FAA5E83-D655-41FE-B424-38196DECAE84}.Release|Any CPU.ActiveCfg = Release|Any CPU
		{7FAA5E83-D655-41FE-B424-38196DECAE84}.Release|Any CPU.Build.0 = Release|Any CPU
		{38C9A0DB-BE36-4F2D-95D7-CB5000E216CF}.Debug|Any CPU.ActiveCfg = Debug|Any CPU
		{38C9A0DB-BE36-4F2D-95D7-CB5000E216CF}.Debug|Any CPU.Build.0 = Debug|Any CPU
		{38C9A0DB-BE36-4F2D-95D7-CB5000E216CF}.Release|Any CPU.ActiveCfg = Release|Any CPU
		{38C9A0DB-BE36-4F2D-95D7-CB5000E216CF}.Release|Any CPU.Build.0 = Release|Any CPU
		{CBF27F08-4D1B-4949-91CF-ED462D5669D2}.Debug|Any CPU.ActiveCfg = Debug|Any CPU
		{CBF27F08-4D1B-4949-91CF-ED462D5669D2}.Debug|Any CPU.Build.0 = Debug|Any CPU
		{CBF27F08-4D1B-4949-91CF-ED462D5669D2}.Release|Any CPU.ActiveCfg = Release|Any CPU
		{CBF27F08-4D1B-4949-91CF-ED462D5669D2}.Release|Any CPU.Build.0 = Release|Any CPU
		{BA72D1B0-665C-4A50-84A8-EB7E0BA5F9CF}.Debug|Any CPU.ActiveCfg = Debug|Any CPU
		{BA72D1B0-665C-4A50-84A8-EB7E0BA5F9CF}.Debug|Any CPU.Build.0 = Debug|Any CPU
		{BA72D1B0-665C-4A50-84A8-EB7E0BA5F9CF}.Release|Any CPU.ActiveCfg = Release|Any CPU
		{BA72D1B0-665C-4A50-84A8-EB7E0BA5F9CF}.Release|Any CPU.Build.0 = Release|Any CPU
	EndGlobalSection
EndGlobal
